{
  "originHash" : "2408c86ad5ff495079437e03f1bce4846a3d0881b21ace62c3d20c8e3205d84e",
  "pins" : [
    {
      "identity" : "cleeviocore",
      "kind" : "remoteSourceControl",
      "location" : "https://github.com/cleevio/CleevioCore.git",
      "state" : {
        "revision" : "593b5d1011ad0aa6963ea2d8bf2ddc5e59caa917",
        "version" : "2.1.7"
      }
    },
    {
      "identity" : "cleeviostorage",
      "kind" : "remoteSourceControl",
      "location" : "https://github.com/cleevio/CleevioStorage.git",
      "state" : {
        "revision" : "87ed8a6189cba4c877367dd2e57161080e6d8cad",
        "version" : "0.4.3"
      }
    },
    {
      "identity" : "keychainaccess",
      "kind" : "remoteSourceControl",
      "location" : "https://github.com/kishikawakatsumi/KeychainAccess.git",
      "state" : {
        "revision" : "84e546727d66f1adc5439debad16270d0fdd04e7",
        "version" : "4.2.2"
      }
    },
    {
      "identity" : "swift-collections",
      "kind" : "remoteSourceControl",
      "location" : "https://github.com/apple/swift-collections.git",
      "state" : {
        "revision" : "671108c96644956dddcd89dd59c203dcdb36cec7",
        "version" : "1.1.4"
      }
    },
    {
      "identity" : "swift-http-types",
      "kind" : "remoteSourceControl",
      "location" : "https://github.com/apple/swift-http-types.git",
      "state" : {
        "revision" : "45eb0224913ea070ec4fba17291b9e7ecf4749ca",
        "version" : "1.5.1"
      }
    }
  ],
  "version" : 3
}
